
Microsoft Visual Studio Solution File, Format Version 12.00
# Visual Studio Version 16
VisualStudioVersion = 16.0.30621.155
MinimumVisualStudioVersion = 10.0.40219.1
Project("{FAE04EC0-301F-11D3-BF4B-00C04F79EFBC}") = "CTMExam", "CTMExam\CTMExam.csproj", "{806E7ED6-F15B-43F8-9E5B-D8701657C95E}"
EndProject
Global
	GlobalSection(SolutionConfigurationPlatforms) = preSolution
		Debug|Any CPU = Debug|Any CPU
		Release|Any CPU = Release|Any CPU
	EndGlobalSection
	GlobalSection(ProjectConfigurationPlatforms) = postSolution
		{806E7ED6-F15B-43F8-9E5B-D8701657C95E}.Debug|Any CPU.ActiveCfg = Debug|Any CPU
		{806E7ED6-F15B-43F8-9E5B-D8701657C95E}.Debug|Any CPU.Build.0 = Debug|Any CPU
		{806E7ED6-F15B-43F8-9E5B-D8701657C95E}.Release|Any CPU.ActiveCfg = Release|Any CPU
		{806E7ED6-F15B-43F8-9E5B-D8701657C95E}.Release|Any CPU.Build.0 = Release|Any CPU
	EndGlobalSection
	GlobalSection(SolutionProperties) = preSolution
		HideSolutionNode = FALSE
	EndGlobalSection
	GlobalSection(ExtensibilityGlobals) = postSolution
		SolutionGuid = {1AC8695A-B2D8-40F4-9638-DB8352D31DCF}
	EndGlobalSection
EndGlobal
